
Microsoft Visual Studio Solution File, Format Version 12.00
# Visual Studio Version 17
VisualStudioVersion = 17.0.31903.59
MinimumVisualStudioVersion = 10.0.40219.1
Project("{FAE04EC0-301F-11D3-BF4B-00C04F79EFBC}") = "Exercicio1", "Exercicio1\Exercicio1.csproj", "{9AACDEC0-3ACD-432C-9FC3-FB05AFA2E048}"
EndProject
Project("{FAE04EC0-301F-11D3-BF4B-00C04F79EFBC}") = "Exercicio2", "Exercicio2\Exercicio2.csproj", "{07E98197-3791-42C1-B502-18BCE945EC1B}"
EndProject
Project("{FAE04EC0-301F-11D3-BF4B-00C04F79EFBC}") = "Exercicio3", "Exercicio3\Exercicio3.csproj", "{0396CCD5-2AA1-40F4-B4A3-FA4A22B1D958}"
EndProject
Project("{FAE04EC0-301F-11D3-BF4B-00C04F79EFBC}") = "Exercicio4", "Exercicio4\Exercicio4.csproj", "{61977244-DC6F-4B6A-B5F0-3F173DDC992C}"
EndProject
Global
	GlobalSection(SolutionConfigurationPlatforms) = preSolution
		Debug|Any CPU = Debug|Any CPU
		Release|Any CPU = Release|Any CPU
	EndGlobalSection
	GlobalSection(SolutionProperties) = preSolution
		HideSolutionNode = FALSE
	EndGlobalSection
	GlobalSection(ProjectConfigurationPlatforms) = postSolution
		{9AACDEC0-3ACD-432C-9FC3-FB05AFA2E048}.Debug|Any CPU.ActiveCfg = Debug|Any CPU
		{9AACDEC0-3ACD-432C-9FC3-FB05AFA2E048}.Debug|Any CPU.Build.0 = Debug|Any CPU
		{9AACDEC0-3ACD-432C-9FC3-FB05AFA2E048}.Release|Any CPU.ActiveCfg = Release|Any CPU
		{9AACDEC0-3ACD-432C-9FC3-FB05AFA2E048}.Release|Any CPU.Build.0 = Release|Any CPU
		{07E98197-3791-42C1-B502-18BCE945EC1B}.Debug|Any CPU.ActiveCfg = Debug|Any CPU
		{07E98197-3791-42C1-B502-18BCE945EC1B}.Debug|Any CPU.Build.0 = Debug|Any CPU
		{07E98197-3791-42C1-B502-18BCE945EC1B}.Release|Any CPU.ActiveCfg = Release|Any CPU
		{07E98197-3791-42C1-B502-18BCE945EC1B}.Release|Any CPU.Build.0 = Release|Any CPU
		{0396CCD5-2AA1-40F4-B4A3-FA4A22B1D958}.Debug|Any CPU.ActiveCfg = Debug|Any CPU
		{0396CCD5-2AA1-40F4-B4A3-FA4A22B1D958}.Debug|Any CPU.Build.0 = Debug|Any CPU
		{0396CCD5-2AA1-40F4-B4A3-FA4A22B1D958}.Release|Any CPU.ActiveCfg = Release|Any CPU
		{0396CCD5-2AA1-40F4-B4A3-FA4A22B1D958}.Release|Any CPU.Build.0 = Release|Any CPU
		{61977244-DC6F-4B6A-B5F0-3F173DDC992C}.Debug|Any CPU.ActiveCfg = Debug|Any CPU
		{61977244-DC6F-4B6A-B5F0-3F173DDC992C}.Debug|Any CPU.Build.0 = Debug|Any CPU
		{61977244-DC6F-4B6A-B5F0-3F173DDC992C}.Release|Any CPU.ActiveCfg = Release|Any CPU
		{61977244-DC6F-4B6A-B5F0-3F173DDC992C}.Release|Any CPU.Build.0 = Release|Any CPU
	EndGlobalSection
EndGlobal
